
Microsoft Visual Studio Solution File, Format Version 12.00
# Visual Studio Version 17
VisualStudioVersion = 17.6.33829.357
MinimumVisualStudioVersion = 10.0.40219.1
Project("{FAE04EC0-301F-11D3-BF4B-00C04F79EFBC}") = "IdentityServer", "IdentityServer.csproj", "{373A3C8F-7AC5-4CB3-B6CA-DF8132A4A399}"
EndProject
Global
	GlobalSection(SolutionConfigurationPlatforms) = preSolution
		Debug|Any CPU = Debug|Any CPU
		Release|Any CPU = Release|Any CPU
	EndGlobalSection
	GlobalSection(ProjectConfigurationPlatforms) = postSolution
		{373A3C8F-7AC5-4CB3-B6CA-DF8132A4A399}.Debug|Any CPU.ActiveCfg = Debug|Any CPU
		{373A3C8F-7AC5-4CB3-B6CA-DF8132A4A399}.Debug|Any CPU.Build.0 = Debug|Any CPU
		{373A3C8F-7AC5-4CB3-B6CA-DF8132A4A399}.Release|Any CPU.ActiveCfg = Release|Any CPU
		{373A3C8F-7AC5-4CB3-B6CA-DF8132A4A399}.Release|Any CPU.Build.0 = Release|Any CPU
	EndGlobalSection
	GlobalSection(SolutionProperties) = preSolution
		HideSolutionNode = FALSE
	EndGlobalSection
	GlobalSection(ExtensibilityGlobals) = postSolution
		SolutionGuid = {F21FECBA-CA78-4347-BCEE-A6112024A864}
	EndGlobalSection
EndGlobal
